
Microsoft Visual Studio Solution File, Format Version 12.00
# Visual Studio Version 17
VisualStudioVersion = 17.0.31903.59
MinimumVisualStudioVersion = 10.0.40219.1
Project("{FAE04EC0-301F-11D3-BF4B-00C04F79EFBC}") = "2test8", "2test8\2test8.csproj", "{65781294-21AF-4E42-9477-1BDC9FAB9F5A}"
EndProject
Global
	GlobalSection(SolutionConfigurationPlatforms) = preSolution
		Debug|Any CPU = Debug|Any CPU
		Release|Any CPU = Release|Any CPU
	EndGlobalSection
	GlobalSection(ProjectConfigurationPlatforms) = postSolution
		{65781294-21AF-4E42-9477-1BDC9FAB9F5A}.Debug|Any CPU.ActiveCfg = Debug|Any CPU
		{65781294-21AF-4E42-9477-1BDC9FAB9F5A}.Debug|Any CPU.Build.0 = Debug|Any CPU
		{65781294-21AF-4E42-9477-1BDC9FAB9F5A}.Release|Any CPU.ActiveCfg = Release|Any CPU
		{65781294-21AF-4E42-9477-1BDC9FAB9F5A}.Release|Any CPU.Build.0 = Release|Any CPU
	EndGlobalSection
	GlobalSection(SolutionProperties) = preSolution
		HideSolutionNode = FALSE
	EndGlobalSection
EndGlobal
